{
  "name": "parking_assistant",
  "version": "1.0.0",
  "lockfileVersion": 1,
  "requires": true,
  "dependencies": {
    "@vant/weapp": {
      "version": "1.6.7",
      "resolved": "https://registry.npm.taobao.org/@vant/weapp/download/@vant/weapp-1.6.7.tgz",
      "integrity": "sha1-OggtJFm3eTIJdjwgWbQvy11au48="
    },
    "js-base64": {
      "version": "3.6.0",
      "resolved": "https://registry.npm.taobao.org/js-base64/download/js-base64-3.6.0.tgz?cache=0&sync_timestamp=1604450326544&other_urls=https%3A%2F%2Fregistry.npm.taobao.org%2Fjs-base64%2Fdownload%2Fjs-base64-3.6.0.tgz",
      "integrity": "sha1-dz4d5ij08pjWWn6YQsUCRHUfV1Y="
    },
    "wl-pinyin": {
      "version": "1.0.1",
      "resolved": "https://registry.npm.taobao.org/wl-pinyin/download/wl-pinyin-1.0.1.tgz",
      "integrity": "sha1-GKftJVzv5jEABx4ll1Hejk27QC0="
    }
  }
}
